# THIS IS AN AUTOGENERATED FILE. DO NOT EDIT THIS FILE DIRECTLY.
# yarn lockfile v1


yet-another-react-lightbox@^3.21.7:
  version "3.21.7"
  resolved "https://registry.yarnpkg.com/yet-another-react-lightbox/-/yet-another-react-lightbox-3.21.7.tgz#02c625c65ecf2d415304b027291bbd5a5b3f4ba9"
  integrity sha512-dcdokNuCIl92f0Vl+uzeKULnQhztIGpoZFUMvtVNUPmtwsQWpqWufeieDPeg9JtFyVCcbj4vYw3V00DS0QNoWA==
