# THIS IS AN AUTOGENERATED FILE. DO NOT EDIT THIS FILE DIRECTLY.
# yarn lockfile v1


yet-another-react-lightbox@^3.21.4:
  version "3.21.4"
  resolved "https://registry.yarnpkg.com/yet-another-react-lightbox/-/yet-another-react-lightbox-3.21.4.tgz#2eb1e3e182fa3c23ea1db76b27973bc2fc188f5d"
  integrity sha512-xlYs+F8it8DhCRXcgwXFh58HOuGpNFWmBqaUoo1gkZvHpCaiGAEkAUfAIRz9+sWEcZLSK45zB65+n3gDjjuz1Q==
